
Microsoft Visual Studio Solution File, Format Version 12.00
# Visual Studio Version 17
VisualStudioVersion = 17.3.32825.248
MinimumVisualStudioVersion = 10.0.40219.1
Project("{9A19103F-16F7-4668-BE54-9A1E7A4F7556}") = "NamozVaqtlari", "NamozVaqtlari.csproj", "{966724BB-FBD4-44C8-9B82-ACAD4965F6D5}"
EndProject
Global
	GlobalSection(SolutionConfigurationPlatforms) = preSolution
		Debug|Any CPU = Debug|Any CPU
		Release|Any CPU = Release|Any CPU
	EndGlobalSection
	GlobalSection(ProjectConfigurationPlatforms) = postSolution
		{966724BB-FBD4-44C8-9B82-ACAD4965F6D5}.Debug|Any CPU.ActiveCfg = Debug|Any CPU
		{966724BB-FBD4-44C8-9B82-ACAD4965F6D5}.Debug|Any CPU.Build.0 = Debug|Any CPU
		{966724BB-FBD4-44C8-9B82-ACAD4965F6D5}.Release|Any CPU.ActiveCfg = Release|Any CPU
		{966724BB-FBD4-44C8-9B82-ACAD4965F6D5}.Release|Any CPU.Build.0 = Release|Any CPU
	EndGlobalSection
	GlobalSection(SolutionProperties) = preSolution
		HideSolutionNode = FALSE
	EndGlobalSection
	GlobalSection(ExtensibilityGlobals) = postSolution
		SolutionGuid = {09D23075-7AD8-45CC-98DD-C05B9D0DD780}
	EndGlobalSection
EndGlobal
